// !$*UTF8*$!
{
	archiveVersion = 1;
	classes = {
	};
	objectVersion = 55;
	objects = {

/* Begin PBXBuildFile section */
		B333ED0E288A83270092529D /* EquipmentDetails.swift in Sources */ = {isa = PBXBuildFile; fileRef = B333ED0D288A83270092529D /* EquipmentDetails.swift */; };
		B333ED14288B305B0092529D /* EquipmentViewController.swift in Sources */ = {isa = PBXBuildFile; fileRef = B333ED13288B305B0092529D /* EquipmentViewController.swift */; };
		B333ED1A288B40920092529D /* CustomDetailsCell.swift in Sources */ = {isa = PBXBuildFile; fileRef = B333ED19288B40920092529D /* CustomDetailsCell.swift */; };
		B394E76A288843DE00A9F172 /* AppDelegate.swift in Sources */ = {isa = PBXBuildFile; fileRef = B394E769288843DE00A9F172 /* AppDelegate.swift */; };
		B394E76C288843DE00A9F172 /* SceneDelegate.swift in Sources */ = {isa = PBXBuildFile; fileRef = B394E76B288843DE00A9F172 /* SceneDelegate.swift */; };
		B394E76E288843DE00A9F172 /* ViewController.swift in Sources */ = {isa = PBXBuildFile; fileRef = B394E76D288843DE00A9F172 /* ViewController.swift */; };
		B394E771288843DE00A9F172 /* Main.storyboard in Resources */ = {isa = PBXBuildFile; fileRef = B394E76F288843DE00A9F172 /* Main.storyboard */; };
		B394E773288843E200A9F172 /* Assets.xcassets in Resources */ = {isa = PBXBuildFile; fileRef = B394E772288843E200A9F172 /* Assets.xcassets */; };
		B394E776288843E200A9F172 /* LaunchScreen.storyboard in Resources */ = {isa = PBXBuildFile; fileRef = B394E774288843E200A9F172 /* LaunchScreen.storyboard */; };
		B394E77E2889658800A9F172 /* CustomCell.swift in Sources */ = {isa = PBXBuildFile; fileRef = B394E77D2889658800A9F172 /* CustomCell.swift */; };
		B3EAFFA5288DBF6400C6FD23 /* CustomPersonnelCell.swift in Sources */ = {isa = PBXBuildFile; fileRef = B3EAFFA4288DBF6400C6FD23 /* CustomPersonnelCell.swift */; };
		B3EAFFA7288DC60300C6FD23 /* PersonnelViewController.swift in Sources */ = {isa = PBXBuildFile; fileRef = B3EAFFA6288DC60300C6FD23 /* PersonnelViewController.swift */; };
		B3EAFFA9288DC8CD00C6FD23 /* PersonnalDetails.swift in Sources */ = {isa = PBXBuildFile; fileRef = B3EAFFA8288DC8CD00C6FD23 /* PersonnalDetails.swift */; };
/* End PBXBuildFile section */

/* Begin PBXFileReference section */
		B333ED0D288A83270092529D /* EquipmentDetails.swift */ = {isa = PBXFileReference; lastKnownFileType = sourcecode.swift; path = EquipmentDetails.swift; sourceTree = "<group>"; };
		B333ED13288B305B0092529D /* EquipmentViewController.swift */ = {isa = PBXFileReference; lastKnownFileType = sourcecode.swift; path = EquipmentViewController.swift; sourceTree = "<group>"; };
		B333ED19288B40920092529D /* CustomDetailsCell.swift */ = {isa = PBXFileReference; lastKnownFileType = sourcecode.swift; path = CustomDetailsCell.swift; sourceTree = "<group>"; };
		B394E766288843DE00A9F172 /* MacPawTZ.app */ = {isa = PBXFileReference; explicitFileType = wrapper.application; includeInIndex = 0; path = MacPawTZ.app; sourceTree = BUILT_PRODUCTS_DIR; };
		B394E769288843DE00A9F172 /* AppDelegate.swift */ = {isa = PBXFileReference; lastKnownFileType = sourcecode.swift; path = AppDelegate.swift; sourceTree = "<group>"; };
		B394E76B288843DE00A9F172 /* SceneDelegate.swift */ = {isa = PBXFileReference; lastKnownFileType = sourcecode.swift; path = SceneDelegate.swift; sourceTree = "<group>"; };
		B394E76D288843DE00A9F172 /* ViewController.swift */ = {isa = PBXFileReference; lastKnownFileType = sourcecode.swift; path = ViewController.swift; sourceTree = "<group>"; };
		B394E770288843DE00A9F172 /* Base */ = {isa = PBXFileReference; lastKnownFileType = file.storyboard; name = Base; path = Base.lproj/Main.storyboard; sourceTree = "<group>"; };
		B394E772288843E200A9F172 /* Assets.xcassets */ = {isa = PBXFileReference; lastKnownFileType = folder.assetcatalog; path = Assets.xcassets; sourceTree = "<group>"; };
		B394E775288843E200A9F172 /* Base */ = {isa = PBXFileReference; lastKnownFileType = file.storyboard; name = Base; path = Base.lproj/LaunchScreen.storyboard; sourceTree = "<group>"; };
		B394E777288843E200A9F172 /* Info.plist */ = {isa = PBXFileReference; lastKnownFileType = text.plist.xml; path = Info.plist; sourceTree = "<group>"; };
		B394E77D2889658800A9F172 /* CustomCell.swift */ = {isa = PBXFileReference; lastKnownFileType = sourcecode.swift; path = CustomCell.swift; sourceTree = "<group>"; };
		B3EAFFA4288DBF6400C6FD23 /* CustomPersonnelCell.swift */ = {isa = PBXFileReference; lastKnownFileType = sourcecode.swift; path = CustomPersonnelCell.swift; sourceTree = "<group>"; };
		B3EAFFA6288DC60300C6FD23 /* PersonnelViewController.swift */ = {isa = PBXFileReference; lastKnownFileType = sourcecode.swift; path = PersonnelViewController.swift; sourceTree = "<group>"; };
		B3EAFFA8288DC8CD00C6FD23 /* PersonnalDetails.swift */ = {isa = PBXFileReference; lastKnownFileType = sourcecode.swift; path = PersonnalDetails.swift; sourceTree = "<group>"; };
/* End PBXFileReference section */

/* Begin PBXFrameworksBuildPhase section */
		B394E763288843DE00A9F172 /* Frameworks */ = {
			isa = PBXFrameworksBuildPhase;
			buildActionMask = 2147483647;
			files = (
			);
			runOnlyForDeploymentPostprocessing = 0;
		};
/* End PBXFrameworksBuildPhase section */

/* Begin PBXGroup section */
		B394E75D288843DE00A9F172 = {
			isa = PBXGroup;
			children = (
				B394E768288843DE00A9F172 /* MacPawTZ */,
				B394E767288843DE00A9F172 /* Products */,
			);
			sourceTree = "<group>";
		};
		B394E767288843DE00A9F172 /* Products */ = {
			isa = PBXGroup;
			children = (
				B394E766288843DE00A9F172 /* MacPawTZ.app */,
			);
			name = Products;
			sourceTree = "<group>";
		};
		B394E768288843DE00A9F172 /* MacPawTZ */ = {
			isa = PBXGroup;
			children = (
				B394E769288843DE00A9F172 /* AppDelegate.swift */,
				B394E76B288843DE00A9F172 /* SceneDelegate.swift */,
				B3EAFFAC288DD3D400C6FD23 /* DataDecodable */,
				B3EAFFAB288DD37900C6FD23 /* Controllers */,
				B3EAFFAA288DD2E500C6FD23 /* CustomCell */,
				B394E76F288843DE00A9F172 /* Main.storyboard */,
				B394E774288843E200A9F172 /* LaunchScreen.storyboard */,
				B394E772288843E200A9F172 /* Assets.xcassets */,
				B394E777288843E200A9F172 /* Info.plist */,
			);
			path = MacPawTZ;
			sourceTree = "<group>";
		};
		B3EAFFAA288DD2E500C6FD23 /* CustomCell */ = {
			isa = PBXGroup;
			children = (
				B394E77D2889658800A9F172 /* CustomCell.swift */,
				B333ED19288B40920092529D /* CustomDetailsCell.swift */,
				B3EAFFA4288DBF6400C6FD23 /* CustomPersonnelCell.swift */,
			);
			path = CustomCell;
			sourceTree = "<group>";
		};
		B3EAFFAB288DD37900C6FD23 /* Controllers */ = {
			isa = PBXGroup;
			children = (
				B394E76D288843DE00A9F172 /* ViewController.swift */,
				B333ED13288B305B0092529D /* EquipmentViewController.swift */,
				B3EAFFA6288DC60300C6FD23 /* PersonnelViewController.swift */,
			);
			path = Controllers;
			sourceTree = "<group>";
		};
		B3EAFFAC288DD3D400C6FD23 /* DataDecodable */ = {
			isa = PBXGroup;
			children = (
				B3EAFFA8288DC8CD00C6FD23 /* PersonnalDetails.swift */,
				B333ED0D288A83270092529D /* EquipmentDetails.swift */,
			);
			path = DataDecodable;
			sourceTree = "<group>";
		};
/* End PBXGroup section */

/* Begin PBXNativeTarget section */
		B394E765288843DE00A9F172 /* MacPawTZ */ = {
			isa = PBXNativeTarget;
			buildConfigurationList = B394E77A288843E200A9F172 /* Build configuration list for PBXNativeTarget "MacPawTZ" */;
			buildPhases = (
				B394E762288843DE00A9F172 /* Sources */,
				B394E763288843DE00A9F172 /* Frameworks */,
				B394E764288843DE00A9F172 /* Resources */,
			);
			buildRules = (
			);
			dependencies = (
			);
			name = MacPawTZ;
			productName = MacPawTZ;
			productReference = B394E766288843DE00A9F172 /* MacPawTZ.app */;
			productType = "com.apple.product-type.application";
		};
/* End PBXNativeTarget section */

/* Begin PBXProject section */
		B394E75E288843DE00A9F172 /* Project object */ = {
			isa = PBXProject;
			attributes = {
				BuildIndependentTargetsInParallel = 1;
				LastSwiftUpdateCheck = 1330;
				LastUpgradeCheck = 1330;
				TargetAttributes = {
					B394E765288843DE00A9F172 = {
						CreatedOnToolsVersion = 13.3.1;
					};
				};
			};
			buildConfigurationList = B394E761288843DE00A9F172 /* Build configuration list for PBXProject "MacPawTZ" */;
			compatibilityVersion = "Xcode 13.0";
			developmentRegion = en;
			hasScannedForEncodings = 0;
			knownRegions = (
				en,
				Base,
			);
			mainGroup = B394E75D288843DE00A9F172;
			productRefGroup = B394E767288843DE00A9F172 /* Products */;
			projectDirPath = "";
			projectRoot = "";
			targets = (
				B394E765288843DE00A9F172 /* MacPawTZ */,
			);
		};
/* End PBXProject section */

/* Begin PBXResourcesBuildPhase section */
		B394E764288843DE00A9F172 /* Resources */ = {
			isa = PBXResourcesBuildPhase;
			buildActionMask = 2147483647;
			files = (
				B394E776288843E200A9F172 /* LaunchScreen.storyboard in Resources */,
				B394E773288843E200A9F172 /* Assets.xcassets in Resources */,
				B394E771288843DE00A9F172 /* Main.storyboard in Resources */,
			);
			runOnlyForDeploymentPostprocessing = 0;
		};
/* End PBXResourcesBuildPhase section */

/* Begin PBXSourcesBuildPhase section */
		B394E762288843DE00A9F172 /* Sources */ = {
			isa = PBXSourcesBuildPhase;
			buildActionMask = 2147483647;
			files = (
				B394E76E288843DE00A9F172 /* ViewController.swift in Sources */,
				B394E76A288843DE00A9F172 /* AppDelegate.swift in Sources */,
				B3EAFFA7288DC60300C6FD23 /* PersonnelViewController.swift in Sources */,
				B3EAFFA9288DC8CD00C6FD23 /* PersonnalDetails.swift in Sources */,
				B333ED0E288A83270092529D /* EquipmentDetails.swift in Sources */,
				B333ED1A288B40920092529D /* CustomDetailsCell.swift in Sources */,
				B394E77E2889658800A9F172 /* CustomCell.swift in Sources */,
				B3EAFFA5288DBF6400C6FD23 /* CustomPersonnelCell.swift in Sources */,
				B333ED14288B305B0092529D /* EquipmentViewController.swift in Sources */,
				B394E76C288843DE00A9F172 /* SceneDelegate.swift in Sources */,
			);
			runOnlyForDeploymentPostprocessing = 0;
		};
/* End PBXSourcesBuildPhase section */

/* Begin PBXVariantGroup section */
		B394E76F288843DE00A9F172 /* Main.storyboard */ = {
			isa = PBXVariantGroup;
			children = (
				B394E770288843DE00A9F172 /* Base */,
			);
			name = Main.storyboard;
			sourceTree = "<group>";
		};
		B394E774288843E200A9F172 /* LaunchScreen.storyboard */ = {
			isa = PBXVariantGroup;
			children = (
				B394E775288843E200A9F172 /* Base */,
			);
			name = LaunchScreen.storyboard;
			sourceTree = "<group>";
		};
/* End PBXVariantGroup section */

/* Begin XCBuildConfiguration section */
		B394E778288843E200A9F172 /* Debug */ = {
			isa = XCBuildConfiguration;
			buildSettings = {
				ALWAYS_SEARCH_USER_PATHS = NO;
				CLANG_ANALYZER_NONNULL = YES;
				CLANG_ANALYZER_NUMBER_OBJECT_CONVERSION = YES_AGGRESSIVE;
				CLANG_CXX_LANGUAGE_STANDARD = "gnu++17";
				CLANG_ENABLE_MODULES = YES;
				CLANG_ENABLE_OBJC_ARC = YES;
				CLANG_ENABLE_OBJC_WEAK = YES;
				CLANG_WARN_BLOCK_CAPTURE_AUTORELEASING = YES;
				CLANG_WARN_BOOL_CONVERSION = YES;
				CLANG_WARN_COMMA = YES;
				CLANG_WARN_CONSTANT_CONVERSION = YES;
				CLANG_WARN_DEPRECATED_OBJC_IMPLEMENTATIONS = YES;
				CLANG_WARN_DIRECT_OBJC_ISA_USAGE = YES_ERROR;
				CLANG_WARN_DOCUMENTATION_COMMENTS = YES;
				CLANG_WARN_EMPTY_BODY = YES;
				CLANG_WARN_ENUM_CONVERSION = YES;
				CLANG_WARN_INFINITE_RECURSION = YES;
				CLANG_WARN_INT_CONVERSION = YES;
				CLANG_WARN_NON_LITERAL_NULL_CONVERSION = YES;
				CLANG_WARN_OBJC_IMPLICIT_RETAIN_SELF = YES;
				CLANG_WARN_OBJC_LITERAL_CONVERSION = YES;
				CLANG_WARN_OBJC_ROOT_CLASS = YES_ERROR;
				CLANG_WARN_QUOTED_INCLUDE_IN_FRAMEWORK_HEADER = YES;
				CLANG_WARN_RANGE_LOOP_ANALYSIS = YES;
				CLANG_WARN_STRICT_PROTOTYPES = YES;
				CLANG_WARN_SUSPICIOUS_MOVE = YES;
				CLANG_WARN_UNGUARDED_AVAILABILITY = YES_AGGRESSIVE;
				CLANG_WARN_UNREACHABLE_CODE = YES;
				CLANG_WARN__DUPLICATE_METHOD_MATCH = YES;
				COPY_PHASE_STRIP = NO;
				DEBUG_INFORMATION_FORMAT = dwarf;
				ENABLE_STRICT_OBJC_MSGSEND = YES;
				ENABLE_TESTABILITY = YES;
				GCC_C_LANGUAGE_STANDARD = gnu11;
				GCC_DYNAMIC_NO_PIC = NO;
				GCC_NO_COMMON_BLOCKS = YES;
				GCC_OPTIMIZATION_LEVEL = 0;
				GCC_PREPROCESSOR_DEFINITIONS = (
					"DEBUG=1",
					"$(inherited)",
				);
				GCC_WARN_64_TO_32_BIT_CONVERSION = YES;
				GCC_WARN_ABOUT_RETURN_TYPE = YES_ERROR;
				GCC_WARN_UNDECLARED_SELECTOR = YES;
				GCC_WARN_UNINITIALIZED_AUTOS = YES_AGGRESSIVE;
				GCC_WARN_UNUSED_FUNCTION = YES;
				GCC_WARN_UNUSED_VARIABLE = YES;
				IPHONEOS_DEPLOYMENT_TARGET = 15.4;
				MTL_ENABLE_DEBUG_INFO = INCLUDE_SOURCE;
				MTL_FAST_MATH = YES;
				ONLY_ACTIVE_ARCH = YES;
				SDKROOT = iphoneos;
				SWIFT_ACTIVE_COMPILATION_CONDITIONS = DEBUG;
				SWIFT_OPTIMIZATION_LEVEL = "-Onone";
			};
			name = Debug;
		};
		B394E779288843E200A9F172 /* Release */ = {
			isa = XCBuildConfiguration;
			buildSettings = {
				ALWAYS_SEARCH_USER_PATHS = NO;
				CLANG_ANALYZER_NONNULL = YES;
				CLANG_ANALYZER_NUMBER_OBJECT_CONVERSION = YES_AGGRESSIVE;
				CLANG_CXX_LANGUAGE_STANDARD = "gnu++17";
				CLANG_ENABLE_MODULES = YES;
				CLANG_ENABLE_OBJC_ARC = YES;
				CLANG_ENABLE_OBJC_WEAK = YES;
				CLANG_WARN_BLOCK_CAPTURE_AUTORELEASING = YES;
				CLANG_WARN_BOOL_CONVERSION = YES;
				CLANG_WARN_COMMA = YES;
				CLANG_WARN_CONSTANT_CONVERSION = YES;
				CLANG_WARN_DEPRECATED_OBJC_IMPLEMENTATIONS = YES;
				CLANG_WARN_DIRECT_OBJC_ISA_USAGE = YES_ERROR;
				CLANG_WARN_DOCUMENTATION_COMMENTS = YES;
				CLANG_WARN_EMPTY_BODY = YES;
				CLANG_WARN_ENUM_CONVERSION = YES;
				CLANG_WARN_INFINITE_RECURSION = YES;
				CLANG_WARN_INT_CONVERSION = YES;
				CLANG_WARN_NON_LITERAL_NULL_CONVERSION = YES;
				CLANG_WARN_OBJC_IMPLICIT_RETAIN_SELF = YES;
				CLANG_WARN_OBJC_LITERAL_CONVERSION = YES;
				CLANG_WARN_OBJC_ROOT_CLASS = YES_ERROR;
				CLANG_WARN_QUOTED_INCLUDE_IN_FRAMEWORK_HEADER = YES;
				CLANG_WARN_RANGE_LOOP_ANALYSIS = YES;
				CLANG_WARN_STRICT_PROTOTYPES = YES;
				CLANG_WARN_SUSPICIOUS_MOVE = YES;
				CLANG_WARN_UNGUARDED_AVAILABILITY = YES_AGGRESSIVE;
				CLANG_WARN_UNREACHABLE_CODE = YES;
				CLANG_WARN__DUPLICATE_METHOD_MATCH = YES;
				COPY_PHASE_STRIP = NO;
				DEBUG_INFORMATION_FORMAT = "dwarf-with-dsym";
				ENABLE_NS_ASSERTIONS = NO;
				ENABLE_STRICT_OBJC_MSGSEND = YES;
				GCC_C_LANGUAGE_STANDARD = gnu11;
				GCC_NO_COMMON_BLOCKS = YES;
				GCC_WARN_64_TO_32_BIT_CONVERSION = YES;
				GCC_WARN_ABOUT_RETURN_TYPE = YES_ERROR;
				GCC_WARN_UNDECLARED_SELECTOR = YES;
				GCC_WARN_UNINITIALIZED_AUTOS = YES_AGGRESSIVE;
				GCC_WARN_UNUSED_FUNCTION = YES;
				GCC_WARN_UNUSED_VARIABLE = YES;
				IPHONEOS_DEPLOYMENT_TARGET = 15.4;
				MTL_ENABLE_DEBUG_INFO = NO;
				MTL_FAST_MATH = YES;
				SDKROOT = iphoneos;
				SWIFT_COMPILATION_MODE = wholemodule;
				SWIFT_OPTIMIZATION_LEVEL = "-O";
				VALIDATE_PRODUCT = YES;
			};
			name = Release;
		};
		B394E77B288843E200A9F172 /* Debug */ = {
			isa = XCBuildConfiguration;
			buildSettings = {
				ASSETCATALOG_COMPILER_APPICON_NAME = AppIcon;
				ASSETCATALOG_COMPILER_GLOBAL_ACCENT_COLOR_NAME = AccentColor;
				CODE_SIGN_STYLE = Automatic;
				CURRENT_PROJECT_VERSION = 1;
				GENERATE_INFOPLIST_FILE = YES;
				INFOPLIST_FILE = MacPawTZ/Info.plist;
				INFOPLIST_KEY_UIApplicationSupportsIndirectInputEvents = YES;
				INFOPLIST_KEY_UILaunchStoryboardName = LaunchScreen;
				INFOPLIST_KEY_UIMainStoryboardFile = Main;
				INFOPLIST_KEY_UISupportedInterfaceOrientations = UIInterfaceOrientationPortrait;
				INFOPLIST_KEY_UISupportedInterfaceOrientations_iPad = "UIInterfaceOrientationPortrait UIInterfaceOrientationPortraitUpsideDown UIInterfaceOrientationLandscapeLeft UIInterfaceOrientationLandscapeRight";
				INFOPLIST_KEY_UISupportedInterfaceOrientations_iPhone = "UIInterfaceOrientationPortrait UIInterfaceOrientationLandscapeLeft UIInterfaceOrientationLandscapeRight";
				IPHONEOS_DEPLOYMENT_TARGET = 14.0;
				LD_RUNPATH_SEARCH_PATHS = (
					"$(inherited)",
					"@executable_path/Frameworks",
				);
				MARKETING_VERSION = 1.0;
				PRODUCT_BUNDLE_IDENTIFIER = ML.MacPawTZ;
				PRODUCT_NAME = "$(TARGET_NAME)";
				SWIFT_EMIT_LOC_STRINGS = YES;
				SWIFT_VERSION = 5.0;
				TARGETED_DEVICE_FAMILY = 1;
			};
			name = Debug;
		};
		B394E77C288843E200A9F172 /* Release */ = {
			isa = XCBuildConfiguration;
			buildSettings = {
				ASSETCATALOG_COMPILER_APPICON_NAME = AppIcon;
				ASSETCATALOG_COMPILER_GLOBAL_ACCENT_COLOR_NAME = AccentColor;
				CODE_SIGN_STYLE = Automatic;
				CURRENT_PROJECT_VERSION = 1;
				GENERATE_INFOPLIST_FILE = YES;
				INFOPLIST_FILE = MacPawTZ/Info.plist;
				INFOPLIST_KEY_UIApplicationSupportsIndirectInputEvents = YES;
				INFOPLIST_KEY_UILaunchStoryboardName = LaunchScreen;
				INFOPLIST_KEY_UIMainStoryboardFile = Main;
				INFOPLIST_KEY_UISupportedInterfaceOrientations = UIInterfaceOrientationPortrait;
				INFOPLIST_KEY_UISupportedInterfaceOrientations_iPad = "UIInterfaceOrientationPortrait UIInterfaceOrientationPortraitUpsideDown UIInterfaceOrientationLandscapeLeft UIInterfaceOrientationLandscapeRight";
				INFOPLIST_KEY_UISupportedInterfaceOrientations_iPhone = "UIInterfaceOrientationPortrait UIInterfaceOrientationLandscapeLeft UIInterfaceOrientationLandscapeRight";
				IPHONEOS_DEPLOYMENT_TARGET = 14.0;
				LD_RUNPATH_SEARCH_PATHS = (
					"$(inherited)",
					"@executable_path/Frameworks",
				);
				MARKETING_VERSION = 1.0;
				PRODUCT_BUNDLE_IDENTIFIER = ML.MacPawTZ;
				PRODUCT_NAME = "$(TARGET_NAME)";
				SWIFT_EMIT_LOC_STRINGS = YES;
				SWIFT_VERSION = 5.0;
				TARGETED_DEVICE_FAMILY = 1;
			};
			name = Release;
		};
/* End XCBuildConfiguration section */

/* Begin XCConfigurationList section */
		B394E761288843DE00A9F172 /* Build configuration list for PBXProject "MacPawTZ" */ = {
			isa = XCConfigurationList;
			buildConfigurations = (
				B394E778288843E200A9F172 /* Debug */,
				B394E779288843E200A9F172 /* Release */,
			);
			defaultConfigurationIsVisible = 0;
			defaultConfigurationName = Release;
		};
		B394E77A288843E200A9F172 /* Build configuration list for PBXNativeTarget "MacPawTZ" */ = {
			isa = XCConfigurationList;
			buildConfigurations = (
				B394E77B288843E200A9F172 /* Debug */,
				B394E77C288843E200A9F172 /* Release */,
			);
			defaultConfigurationIsVisible = 0;
			defaultConfigurationName = Release;
		};
/* End XCConfigurationList section */
	};
	rootObject = B394E75E288843DE00A9F172 /* Project object */;
}
